// !$*UTF8*$!
{
	archiveVersion = 1;
	classes = {
	};
	objectVersion = 56;
	objects = {

/* Begin PBXBuildFile section */
		9589F38EF4B95012F9DB2FEE /* Pods_OpenMarket.framework in Frameworks */ = {isa = PBXBuildFile; fileRef = 93F5689292F30E5977E34D35 /* Pods_OpenMarket.framework */; };
		B455B0C929C599A50062D612 /* OpenMarketAPI.swift in Sources */ = {isa = PBXBuildFile; fileRef = B455B0C829C599A50062D612 /* OpenMarketAPI.swift */; };
		B455B0CB29C59A100062D612 /* NetworkManager.swift in Sources */ = {isa = PBXBuildFile; fileRef = B455B0CA29C59A100062D612 /* NetworkManager.swift */; };
		B455B0CE29C59F3E0062D612 /* APIRouter.swift in Sources */ = {isa = PBXBuildFile; fileRef = B455B0CD29C59F3E0062D612 /* APIRouter.swift */; };
		B455B0D229C5CA2E0062D612 /* JSONDecode+Extension.swift in Sources */ = {isa = PBXBuildFile; fileRef = B455B0D129C5CA2E0062D612 /* JSONDecode+Extension.swift */; };
		B455B0D429C5CA410062D612 /* JSONDecodeError.swift in Sources */ = {isa = PBXBuildFile; fileRef = B455B0D329C5CA410062D612 /* JSONDecodeError.swift */; };
		B455B0D729C5E6950062D612 /* APIConstant.swift in Sources */ = {isa = PBXBuildFile; fileRef = B455B0D629C5E6950062D612 /* APIConstant.swift */; };
		B455B0D929C8416E0062D612 /* OpenMarketAPIError.swift in Sources */ = {isa = PBXBuildFile; fileRef = B455B0D829C8416E0062D612 /* OpenMarketAPIError.swift */; };
		B45C6ED129C58DCC00739811 /* AppDelegate.swift in Sources */ = {isa = PBXBuildFile; fileRef = B45C6ED029C58DCC00739811 /* AppDelegate.swift */; };
		B45C6ED329C58DCC00739811 /* SceneDelegate.swift in Sources */ = {isa = PBXBuildFile; fileRef = B45C6ED229C58DCC00739811 /* SceneDelegate.swift */; };
		B45C6ED529C58DCC00739811 /* ViewController.swift in Sources */ = {isa = PBXBuildFile; fileRef = B45C6ED429C58DCC00739811 /* ViewController.swift */; };
		B45C6EDA29C58DCD00739811 /* Assets.xcassets in Resources */ = {isa = PBXBuildFile; fileRef = B45C6ED929C58DCD00739811 /* Assets.xcassets */; };
		B45C6EDD29C58DCD00739811 /* LaunchScreen.storyboard in Resources */ = {isa = PBXBuildFile; fileRef = B45C6EDB29C58DCD00739811 /* LaunchScreen.storyboard */; };
		B45C6EE929C597B000739811 /* Product.swift in Sources */ = {isa = PBXBuildFile; fileRef = B45C6EE829C597B000739811 /* Product.swift */; };
		B45C6EEB29C5980D00739811 /* Currency.swift in Sources */ = {isa = PBXBuildFile; fileRef = B45C6EEA29C5980D00739811 /* Currency.swift */; };
		B45C6EEF29C5982900739811 /* Vendor.swift in Sources */ = {isa = PBXBuildFile; fileRef = B45C6EEC29C5982900739811 /* Vendor.swift */; };
		B45C6EF029C5982900739811 /* Image.swift in Sources */ = {isa = PBXBuildFile; fileRef = B45C6EED29C5982900739811 /* Image.swift */; };
		B45C6EF129C5982900739811 /* ProductList.swift in Sources */ = {isa = PBXBuildFile; fileRef = B45C6EEE29C5982900739811 /* ProductList.swift */; };
/* End PBXBuildFile section */

/* Begin PBXFileReference section */
		84F5822B036BCB10B6F6380F /* Pods-OpenMarket.release.xcconfig */ = {isa = PBXFileReference; includeInIndex = 1; lastKnownFileType = text.xcconfig; name = "Pods-OpenMarket.release.xcconfig"; path = "Target Support Files/Pods-OpenMarket/Pods-OpenMarket.release.xcconfig"; sourceTree = "<group>"; };
		93F5689292F30E5977E34D35 /* Pods_OpenMarket.framework */ = {isa = PBXFileReference; explicitFileType = wrapper.framework; includeInIndex = 0; path = Pods_OpenMarket.framework; sourceTree = BUILT_PRODUCTS_DIR; };
		B455B0C829C599A50062D612 /* OpenMarketAPI.swift */ = {isa = PBXFileReference; lastKnownFileType = sourcecode.swift; path = OpenMarketAPI.swift; sourceTree = "<group>"; };
		B455B0CA29C59A100062D612 /* NetworkManager.swift */ = {isa = PBXFileReference; lastKnownFileType = sourcecode.swift; path = NetworkManager.swift; sourceTree = "<group>"; };
		B455B0CD29C59F3E0062D612 /* APIRouter.swift */ = {isa = PBXFileReference; lastKnownFileType = sourcecode.swift; path = APIRouter.swift; sourceTree = "<group>"; };
		B455B0D129C5CA2E0062D612 /* JSONDecode+Extension.swift */ = {isa = PBXFileReference; fileEncoding = 4; lastKnownFileType = sourcecode.swift; path = "JSONDecode+Extension.swift"; sourceTree = "<group>"; };
		B455B0D329C5CA410062D612 /* JSONDecodeError.swift */ = {isa = PBXFileReference; fileEncoding = 4; lastKnownFileType = sourcecode.swift; path = JSONDecodeError.swift; sourceTree = "<group>"; };
		B455B0D629C5E6950062D612 /* APIConstant.swift */ = {isa = PBXFileReference; lastKnownFileType = sourcecode.swift; path = APIConstant.swift; sourceTree = "<group>"; };
		B455B0D829C8416E0062D612 /* OpenMarketAPIError.swift */ = {isa = PBXFileReference; lastKnownFileType = sourcecode.swift; path = OpenMarketAPIError.swift; sourceTree = "<group>"; };
		B45C6ECD29C58DCC00739811 /* OpenMarket.app */ = {isa = PBXFileReference; explicitFileType = wrapper.application; includeInIndex = 0; path = OpenMarket.app; sourceTree = BUILT_PRODUCTS_DIR; };
		B45C6ED029C58DCC00739811 /* AppDelegate.swift */ = {isa = PBXFileReference; lastKnownFileType = sourcecode.swift; path = AppDelegate.swift; sourceTree = "<group>"; };
		B45C6ED229C58DCC00739811 /* SceneDelegate.swift */ = {isa = PBXFileReference; lastKnownFileType = sourcecode.swift; path = SceneDelegate.swift; sourceTree = "<group>"; };
		B45C6ED429C58DCC00739811 /* ViewController.swift */ = {isa = PBXFileReference; lastKnownFileType = sourcecode.swift; path = ViewController.swift; sourceTree = "<group>"; };
		B45C6ED929C58DCD00739811 /* Assets.xcassets */ = {isa = PBXFileReference; lastKnownFileType = folder.assetcatalog; path = Assets.xcassets; sourceTree = "<group>"; };
		B45C6EDC29C58DCD00739811 /* Base */ = {isa = PBXFileReference; lastKnownFileType = file.storyboard; name = Base; path = Base.lproj/LaunchScreen.storyboard; sourceTree = "<group>"; };
		B45C6EDE29C58DCD00739811 /* Info.plist */ = {isa = PBXFileReference; lastKnownFileType = text.plist.xml; path = Info.plist; sourceTree = "<group>"; };
		B45C6EE829C597B000739811 /* Product.swift */ = {isa = PBXFileReference; lastKnownFileType = sourcecode.swift; path = Product.swift; sourceTree = "<group>"; };
		B45C6EEA29C5980D00739811 /* Currency.swift */ = {isa = PBXFileReference; fileEncoding = 4; lastKnownFileType = sourcecode.swift; path = Currency.swift; sourceTree = "<group>"; };
		B45C6EEC29C5982900739811 /* Vendor.swift */ = {isa = PBXFileReference; fileEncoding = 4; lastKnownFileType = sourcecode.swift; path = Vendor.swift; sourceTree = "<group>"; };
		B45C6EED29C5982900739811 /* Image.swift */ = {isa = PBXFileReference; fileEncoding = 4; lastKnownFileType = sourcecode.swift; path = Image.swift; sourceTree = "<group>"; };
		B45C6EEE29C5982900739811 /* ProductList.swift */ = {isa = PBXFileReference; fileEncoding = 4; lastKnownFileType = sourcecode.swift; path = ProductList.swift; sourceTree = "<group>"; };
		CA0831079275291B1137DCF5 /* Pods-OpenMarket.debug.xcconfig */ = {isa = PBXFileReference; includeInIndex = 1; lastKnownFileType = text.xcconfig; name = "Pods-OpenMarket.debug.xcconfig"; path = "Target Support Files/Pods-OpenMarket/Pods-OpenMarket.debug.xcconfig"; sourceTree = "<group>"; };
/* End PBXFileReference section */

/* Begin PBXFrameworksBuildPhase section */
		B45C6ECA29C58DCC00739811 /* Frameworks */ = {
			isa = PBXFrameworksBuildPhase;
			buildActionMask = 2147483647;
			files = (
				9589F38EF4B95012F9DB2FEE /* Pods_OpenMarket.framework in Frameworks */,
			);
			runOnlyForDeploymentPostprocessing = 0;
		};
/* End PBXFrameworksBuildPhase section */

/* Begin PBXGroup section */
		7975C9578C68374791D3C753 /* Pods */ = {
			isa = PBXGroup;
			children = (
				CA0831079275291B1137DCF5 /* Pods-OpenMarket.debug.xcconfig */,
				84F5822B036BCB10B6F6380F /* Pods-OpenMarket.release.xcconfig */,
			);
			path = Pods;
			sourceTree = "<group>";
		};
		B455B0C729C5997D0062D612 /* Network */ = {
			isa = PBXGroup;
			children = (
				B455B0D529C5E6810062D612 /* API */,
				B455B0CA29C59A100062D612 /* NetworkManager.swift */,
			);
			path = Network;
			sourceTree = "<group>";
		};
		B455B0D529C5E6810062D612 /* API */ = {
			isa = PBXGroup;
			children = (
				B455B0D629C5E6950062D612 /* APIConstant.swift */,
				B455B0CD29C59F3E0062D612 /* APIRouter.swift */,
				B455B0C829C599A50062D612 /* OpenMarketAPI.swift */,
			);
			path = API;
			sourceTree = "<group>";
		};
		B455B0DA29C867A40062D612 /* Error */ = {
			isa = PBXGroup;
			children = (
				B455B0D829C8416E0062D612 /* OpenMarketAPIError.swift */,
				B455B0D329C5CA410062D612 /* JSONDecodeError.swift */,
			);
			path = Error;
			sourceTree = "<group>";
		};
		B455B0DB29C867B20062D612 /* Extensions */ = {
			isa = PBXGroup;
			children = (
				B455B0D129C5CA2E0062D612 /* JSONDecode+Extension.swift */,
			);
			path = Extensions;
			sourceTree = "<group>";
		};
		B45C6EC429C58DCC00739811 = {
			isa = PBXGroup;
			children = (
				B45C6ECF29C58DCC00739811 /* OpenMarket */,
				B45C6ECE29C58DCC00739811 /* Products */,
				7975C9578C68374791D3C753 /* Pods */,
				E66A1EACF6086D1B21B7D426 /* Frameworks */,
			);
			sourceTree = "<group>";
		};
		B45C6ECE29C58DCC00739811 /* Products */ = {
			isa = PBXGroup;
			children = (
				B45C6ECD29C58DCC00739811 /* OpenMarket.app */,
			);
			name = Products;
			sourceTree = "<group>";
		};
		B45C6ECF29C58DCC00739811 /* OpenMarket */ = {
			isa = PBXGroup;
			children = (
				B45C6EE429C5912C00739811 /* Source */,
				B45C6EE529C5913600739811 /* Resource */,
			);
			path = OpenMarket;
			sourceTree = "<group>";
		};
		B45C6EE429C5912C00739811 /* Source */ = {
			isa = PBXGroup;
			children = (
				B45C6EE629C5914700739811 /* App */,
				B45C6EE729C5979200739811 /* Model */,
				B455B0C729C5997D0062D612 /* Network */,
				B455B0DA29C867A40062D612 /* Error */,
				B455B0DB29C867B20062D612 /* Extensions */,
				B45C6ED429C58DCC00739811 /* ViewController.swift */,
			);
			path = Source;
			sourceTree = "<group>";
		};
		B45C6EE529C5913600739811 /* Resource */ = {
			isa = PBXGroup;
			children = (
				B45C6ED929C58DCD00739811 /* Assets.xcassets */,
				B45C6EDB29C58DCD00739811 /* LaunchScreen.storyboard */,
				B45C6EDE29C58DCD00739811 /* Info.plist */,
			);
			path = Resource;
			sourceTree = "<group>";
		};
		B45C6EE629C5914700739811 /* App */ = {
			isa = PBXGroup;
			children = (
				B45C6ED229C58DCC00739811 /* SceneDelegate.swift */,
				B45C6ED029C58DCC00739811 /* AppDelegate.swift */,
			);
			path = App;
			sourceTree = "<group>";
		};
		B45C6EE729C5979200739811 /* Model */ = {
			isa = PBXGroup;
			children = (
				B45C6EE829C597B000739811 /* Product.swift */,
				B45C6EEE29C5982900739811 /* ProductList.swift */,
				B45C6EED29C5982900739811 /* Image.swift */,
				B45C6EEC29C5982900739811 /* Vendor.swift */,
				B45C6EEA29C5980D00739811 /* Currency.swift */,
			);
			path = Model;
			sourceTree = "<group>";
		};
		E66A1EACF6086D1B21B7D426 /* Frameworks */ = {
			isa = PBXGroup;
			children = (
				93F5689292F30E5977E34D35 /* Pods_OpenMarket.framework */,
			);
			name = Frameworks;
			sourceTree = "<group>";
		};
/* End PBXGroup section */

/* Begin PBXNativeTarget section */
		B45C6ECC29C58DCC00739811 /* OpenMarket */ = {
			isa = PBXNativeTarget;
			buildConfigurationList = B45C6EE129C58DCD00739811 /* Build configuration list for PBXNativeTarget "OpenMarket" */;
			buildPhases = (
				E99FF8068CA7F821F687BA06 /* [CP] Check Pods Manifest.lock */,
				B45C6EC929C58DCC00739811 /* Sources */,
				B45C6ECA29C58DCC00739811 /* Frameworks */,
				B45C6ECB29C58DCC00739811 /* Resources */,
				C0501A9D25F9B167BE2AF8F2 /* [CP] Embed Pods Frameworks */,
			);
			buildRules = (
			);
			dependencies = (
			);
			name = OpenMarket;
			productName = OpenMarket;
			productReference = B45C6ECD29C58DCC00739811 /* OpenMarket.app */;
			productType = "com.apple.product-type.application";
		};
/* End PBXNativeTarget section */

/* Begin PBXProject section */
		B45C6EC529C58DCC00739811 /* Project object */ = {
			isa = PBXProject;
			attributes = {
				BuildIndependentTargetsInParallel = 1;
				LastSwiftUpdateCheck = 1410;
				LastUpgradeCheck = 1410;
				TargetAttributes = {
					B45C6ECC29C58DCC00739811 = {
						CreatedOnToolsVersion = 14.1;
					};
				};
			};
			buildConfigurationList = B45C6EC829C58DCC00739811 /* Build configuration list for PBXProject "OpenMarket" */;
			compatibilityVersion = "Xcode 14.0";
			developmentRegion = en;
			hasScannedForEncodings = 0;
			knownRegions = (
				en,
				Base,
			);
			mainGroup = B45C6EC429C58DCC00739811;
			productRefGroup = B45C6ECE29C58DCC00739811 /* Products */;
			projectDirPath = "";
			projectRoot = "";
			targets = (
				B45C6ECC29C58DCC00739811 /* OpenMarket */,
			);
		};
/* End PBXProject section */

/* Begin PBXResourcesBuildPhase section */
		B45C6ECB29C58DCC00739811 /* Resources */ = {
			isa = PBXResourcesBuildPhase;
			buildActionMask = 2147483647;
			files = (
				B45C6EDD29C58DCD00739811 /* LaunchScreen.storyboard in Resources */,
				B45C6EDA29C58DCD00739811 /* Assets.xcassets in Resources */,
			);
			runOnlyForDeploymentPostprocessing = 0;
		};
/* End PBXResourcesBuildPhase section */

/* Begin PBXShellScriptBuildPhase section */
		C0501A9D25F9B167BE2AF8F2 /* [CP] Embed Pods Frameworks */ = {
			isa = PBXShellScriptBuildPhase;
			buildActionMask = 2147483647;
			files = (
			);
			inputFileListPaths = (
				"${PODS_ROOT}/Target Support Files/Pods-OpenMarket/Pods-OpenMarket-frameworks-${CONFIGURATION}-input-files.xcfilelist",
			);
			name = "[CP] Embed Pods Frameworks";
			outputFileListPaths = (
				"${PODS_ROOT}/Target Support Files/Pods-OpenMarket/Pods-OpenMarket-frameworks-${CONFIGURATION}-output-files.xcfilelist",
			);
			runOnlyForDeploymentPostprocessing = 0;
			shellPath = /bin/sh;
			shellScript = "\"${PODS_ROOT}/Target Support Files/Pods-OpenMarket/Pods-OpenMarket-frameworks.sh\"\n";
			showEnvVarsInLog = 0;
		};
		E99FF8068CA7F821F687BA06 /* [CP] Check Pods Manifest.lock */ = {
			isa = PBXShellScriptBuildPhase;
			buildActionMask = 2147483647;
			files = (
			);
			inputFileListPaths = (
			);
			inputPaths = (
				"${PODS_PODFILE_DIR_PATH}/Podfile.lock",
				"${PODS_ROOT}/Manifest.lock",
			);
			name = "[CP] Check Pods Manifest.lock";
			outputFileListPaths = (
			);
			outputPaths = (
				"$(DERIVED_FILE_DIR)/Pods-OpenMarket-checkManifestLockResult.txt",
			);
			runOnlyForDeploymentPostprocessing = 0;
			shellPath = /bin/sh;
			shellScript = "diff \"${PODS_PODFILE_DIR_PATH}/Podfile.lock\" \"${PODS_ROOT}/Manifest.lock\" > /dev/null\nif [ $? != 0 ] ; then\n    # print error to STDERR\n    echo \"error: The sandbox is not in sync with the Podfile.lock. Run 'pod install' or update your CocoaPods installation.\" >&2\n    exit 1\nfi\n# This output is used by Xcode 'outputs' to avoid re-running this script phase.\necho \"SUCCESS\" > \"${SCRIPT_OUTPUT_FILE_0}\"\n";
			showEnvVarsInLog = 0;
		};
/* End PBXShellScriptBuildPhase section */

/* Begin PBXSourcesBuildPhase section */
		B45C6EC929C58DCC00739811 /* Sources */ = {
			isa = PBXSourcesBuildPhase;
			buildActionMask = 2147483647;
			files = (
				B45C6EF029C5982900739811 /* Image.swift in Sources */,
				B455B0C929C599A50062D612 /* OpenMarketAPI.swift in Sources */,
				B455B0CB29C59A100062D612 /* NetworkManager.swift in Sources */,
				B45C6EF129C5982900739811 /* ProductList.swift in Sources */,
				B455B0CE29C59F3E0062D612 /* APIRouter.swift in Sources */,
				B455B0D229C5CA2E0062D612 /* JSONDecode+Extension.swift in Sources */,
				B455B0D429C5CA410062D612 /* JSONDecodeError.swift in Sources */,
				B45C6ED529C58DCC00739811 /* ViewController.swift in Sources */,
				B455B0D729C5E6950062D612 /* APIConstant.swift in Sources */,
				B45C6EEB29C5980D00739811 /* Currency.swift in Sources */,
				B45C6ED129C58DCC00739811 /* AppDelegate.swift in Sources */,
				B45C6EEF29C5982900739811 /* Vendor.swift in Sources */,
				B455B0D929C8416E0062D612 /* OpenMarketAPIError.swift in Sources */,
				B45C6EE929C597B000739811 /* Product.swift in Sources */,
				B45C6ED329C58DCC00739811 /* SceneDelegate.swift in Sources */,
			);
			runOnlyForDeploymentPostprocessing = 0;
		};
/* End PBXSourcesBuildPhase section */

/* Begin PBXVariantGroup section */
		B45C6EDB29C58DCD00739811 /* LaunchScreen.storyboard */ = {
			isa = PBXVariantGroup;
			children = (
				B45C6EDC29C58DCD00739811 /* Base */,
			);
			name = LaunchScreen.storyboard;
			sourceTree = "<group>";
		};
/* End PBXVariantGroup section */

/* Begin XCBuildConfiguration section */
		B45C6EDF29C58DCD00739811 /* Debug */ = {
			isa = XCBuildConfiguration;
			buildSettings = {
				ALWAYS_SEARCH_USER_PATHS = NO;
				CLANG_ANALYZER_NONNULL = YES;
				CLANG_ANALYZER_NUMBER_OBJECT_CONVERSION = YES_AGGRESSIVE;
				CLANG_CXX_LANGUAGE_STANDARD = "gnu++20";
				CLANG_ENABLE_MODULES = YES;
				CLANG_ENABLE_OBJC_ARC = YES;
				CLANG_ENABLE_OBJC_WEAK = YES;
				CLANG_WARN_BLOCK_CAPTURE_AUTORELEASING = YES;
				CLANG_WARN_BOOL_CONVERSION = YES;
				CLANG_WARN_COMMA = YES;
				CLANG_WARN_CONSTANT_CONVERSION = YES;
				CLANG_WARN_DEPRECATED_OBJC_IMPLEMENTATIONS = YES;
				CLANG_WARN_DIRECT_OBJC_ISA_USAGE = YES_ERROR;
				CLANG_WARN_DOCUMENTATION_COMMENTS = YES;
				CLANG_WARN_EMPTY_BODY = YES;
				CLANG_WARN_ENUM_CONVERSION = YES;
				CLANG_WARN_INFINITE_RECURSION = YES;
				CLANG_WARN_INT_CONVERSION = YES;
				CLANG_WARN_NON_LITERAL_NULL_CONVERSION = YES;
				CLANG_WARN_OBJC_IMPLICIT_RETAIN_SELF = YES;
				CLANG_WARN_OBJC_LITERAL_CONVERSION = YES;
				CLANG_WARN_OBJC_ROOT_CLASS = YES_ERROR;
				CLANG_WARN_QUOTED_INCLUDE_IN_FRAMEWORK_HEADER = YES;
				CLANG_WARN_RANGE_LOOP_ANALYSIS = YES;
				CLANG_WARN_STRICT_PROTOTYPES = YES;
				CLANG_WARN_SUSPICIOUS_MOVE = YES;
				CLANG_WARN_UNGUARDED_AVAILABILITY = YES_AGGRESSIVE;
				CLANG_WARN_UNREACHABLE_CODE = YES;
				CLANG_WARN__DUPLICATE_METHOD_MATCH = YES;
				COPY_PHASE_STRIP = NO;
				DEBUG_INFORMATION_FORMAT = dwarf;
				ENABLE_STRICT_OBJC_MSGSEND = YES;
				ENABLE_TESTABILITY = YES;
				GCC_C_LANGUAGE_STANDARD = gnu11;
				GCC_DYNAMIC_NO_PIC = NO;
				GCC_NO_COMMON_BLOCKS = YES;
				GCC_OPTIMIZATION_LEVEL = 0;
				GCC_PREPROCESSOR_DEFINITIONS = (
					"DEBUG=1",
					"$(inherited)",
				);
				GCC_WARN_64_TO_32_BIT_CONVERSION = YES;
				GCC_WARN_ABOUT_RETURN_TYPE = YES_ERROR;
				GCC_WARN_UNDECLARED_SELECTOR = YES;
				GCC_WARN_UNINITIALIZED_AUTOS = YES_AGGRESSIVE;
				GCC_WARN_UNUSED_FUNCTION = YES;
				GCC_WARN_UNUSED_VARIABLE = YES;
				IPHONEOS_DEPLOYMENT_TARGET = 16.1;
				MTL_ENABLE_DEBUG_INFO = INCLUDE_SOURCE;
				MTL_FAST_MATH = YES;
				ONLY_ACTIVE_ARCH = YES;
				SDKROOT = iphoneos;
				SWIFT_ACTIVE_COMPILATION_CONDITIONS = DEBUG;
				SWIFT_OPTIMIZATION_LEVEL = "-Onone";
			};
			name = Debug;
		};
		B45C6EE029C58DCD00739811 /* Release */ = {
			isa = XCBuildConfiguration;
			buildSettings = {
				ALWAYS_SEARCH_USER_PATHS = NO;
				CLANG_ANALYZER_NONNULL = YES;
				CLANG_ANALYZER_NUMBER_OBJECT_CONVERSION = YES_AGGRESSIVE;
				CLANG_CXX_LANGUAGE_STANDARD = "gnu++20";
				CLANG_ENABLE_MODULES = YES;
				CLANG_ENABLE_OBJC_ARC = YES;
				CLANG_ENABLE_OBJC_WEAK = YES;
				CLANG_WARN_BLOCK_CAPTURE_AUTORELEASING = YES;
				CLANG_WARN_BOOL_CONVERSION = YES;
				CLANG_WARN_COMMA = YES;
				CLANG_WARN_CONSTANT_CONVERSION = YES;
				CLANG_WARN_DEPRECATED_OBJC_IMPLEMENTATIONS = YES;
				CLANG_WARN_DIRECT_OBJC_ISA_USAGE = YES_ERROR;
				CLANG_WARN_DOCUMENTATION_COMMENTS = YES;
				CLANG_WARN_EMPTY_BODY = YES;
				CLANG_WARN_ENUM_CONVERSION = YES;
				CLANG_WARN_INFINITE_RECURSION = YES;
				CLANG_WARN_INT_CONVERSION = YES;
				CLANG_WARN_NON_LITERAL_NULL_CONVERSION = YES;
				CLANG_WARN_OBJC_IMPLICIT_RETAIN_SELF = YES;
				CLANG_WARN_OBJC_LITERAL_CONVERSION = YES;
				CLANG_WARN_OBJC_ROOT_CLASS = YES_ERROR;
				CLANG_WARN_QUOTED_INCLUDE_IN_FRAMEWORK_HEADER = YES;
				CLANG_WARN_RANGE_LOOP_ANALYSIS = YES;
				CLANG_WARN_STRICT_PROTOTYPES = YES;
				CLANG_WARN_SUSPICIOUS_MOVE = YES;
				CLANG_WARN_UNGUARDED_AVAILABILITY = YES_AGGRESSIVE;
				CLANG_WARN_UNREACHABLE_CODE = YES;
				CLANG_WARN__DUPLICATE_METHOD_MATCH = YES;
				COPY_PHASE_STRIP = NO;
				DEBUG_INFORMATION_FORMAT = "dwarf-with-dsym";
				ENABLE_NS_ASSERTIONS = NO;
				ENABLE_STRICT_OBJC_MSGSEND = YES;
				GCC_C_LANGUAGE_STANDARD = gnu11;
				GCC_NO_COMMON_BLOCKS = YES;
				GCC_WARN_64_TO_32_BIT_CONVERSION = YES;
				GCC_WARN_ABOUT_RETURN_TYPE = YES_ERROR;
				GCC_WARN_UNDECLARED_SELECTOR = YES;
				GCC_WARN_UNINITIALIZED_AUTOS = YES_AGGRESSIVE;
				GCC_WARN_UNUSED_FUNCTION = YES;
				GCC_WARN_UNUSED_VARIABLE = YES;
				IPHONEOS_DEPLOYMENT_TARGET = 16.1;
				MTL_ENABLE_DEBUG_INFO = NO;
				MTL_FAST_MATH = YES;
				SDKROOT = iphoneos;
				SWIFT_COMPILATION_MODE = wholemodule;
				SWIFT_OPTIMIZATION_LEVEL = "-O";
				VALIDATE_PRODUCT = YES;
			};
			name = Release;
		};
		B45C6EE229C58DCD00739811 /* Debug */ = {
			isa = XCBuildConfiguration;
			baseConfigurationReference = CA0831079275291B1137DCF5 /* Pods-OpenMarket.debug.xcconfig */;
			buildSettings = {
				ASSETCATALOG_COMPILER_APPICON_NAME = AppIcon;
				ASSETCATALOG_COMPILER_GLOBAL_ACCENT_COLOR_NAME = AccentColor;
				CODE_SIGN_STYLE = Automatic;
				CURRENT_PROJECT_VERSION = 1;
				DEVELOPMENT_TEAM = 7T7HF9QMND;
				GENERATE_INFOPLIST_FILE = YES;
				INFOPLIST_FILE = OpenMarket/Resource/Info.plist;
				INFOPLIST_KEY_UIApplicationSupportsIndirectInputEvents = YES;
				INFOPLIST_KEY_UILaunchStoryboardName = LaunchScreen;
				INFOPLIST_KEY_UIMainStoryboardFile = "";
				INFOPLIST_KEY_UISupportedInterfaceOrientations_iPad = "UIInterfaceOrientationPortrait UIInterfaceOrientationPortraitUpsideDown UIInterfaceOrientationLandscapeLeft UIInterfaceOrientationLandscapeRight";
				INFOPLIST_KEY_UISupportedInterfaceOrientations_iPhone = "UIInterfaceOrientationPortrait UIInterfaceOrientationLandscapeLeft UIInterfaceOrientationLandscapeRight";
				IPHONEOS_DEPLOYMENT_TARGET = 15.0;
				LD_RUNPATH_SEARCH_PATHS = (
					"$(inherited)",
					"@executable_path/Frameworks",
				);
				MARKETING_VERSION = 1.0;
				PRODUCT_BUNDLE_IDENTIFIER = main.OpenMarket;
				PRODUCT_NAME = "$(TARGET_NAME)";
				SWIFT_EMIT_LOC_STRINGS = YES;
				SWIFT_VERSION = 5.0;
				TARGETED_DEVICE_FAMILY = "1,2";
			};
			name = Debug;
		};
		B45C6EE329C58DCD00739811 /* Release */ = {
			isa = XCBuildConfiguration;
			baseConfigurationReference = 84F5822B036BCB10B6F6380F /* Pods-OpenMarket.release.xcconfig */;
			buildSettings = {
				ASSETCATALOG_COMPILER_APPICON_NAME = AppIcon;
				ASSETCATALOG_COMPILER_GLOBAL_ACCENT_COLOR_NAME = AccentColor;
				CODE_SIGN_STYLE = Automatic;
				CURRENT_PROJECT_VERSION = 1;
				DEVELOPMENT_TEAM = 7T7HF9QMND;
				GENERATE_INFOPLIST_FILE = YES;
				INFOPLIST_FILE = OpenMarket/Resource/Info.plist;
				INFOPLIST_KEY_UIApplicationSupportsIndirectInputEvents = YES;
				INFOPLIST_KEY_UILaunchStoryboardName = LaunchScreen;
				INFOPLIST_KEY_UIMainStoryboardFile = "";
				INFOPLIST_KEY_UISupportedInterfaceOrientations_iPad = "UIInterfaceOrientationPortrait UIInterfaceOrientationPortraitUpsideDown UIInterfaceOrientationLandscapeLeft UIInterfaceOrientationLandscapeRight";
				INFOPLIST_KEY_UISupportedInterfaceOrientations_iPhone = "UIInterfaceOrientationPortrait UIInterfaceOrientationLandscapeLeft UIInterfaceOrientationLandscapeRight";
				IPHONEOS_DEPLOYMENT_TARGET = 15.0;
				LD_RUNPATH_SEARCH_PATHS = (
					"$(inherited)",
					"@executable_path/Frameworks",
				);
				MARKETING_VERSION = 1.0;
				PRODUCT_BUNDLE_IDENTIFIER = main.OpenMarket;
				PRODUCT_NAME = "$(TARGET_NAME)";
				SWIFT_EMIT_LOC_STRINGS = YES;
				SWIFT_VERSION = 5.0;
				TARGETED_DEVICE_FAMILY = "1,2";
			};
			name = Release;
		};
/* End XCBuildConfiguration section */

/* Begin XCConfigurationList section */
		B45C6EC829C58DCC00739811 /* Build configuration list for PBXProject "OpenMarket" */ = {
			isa = XCConfigurationList;
			buildConfigurations = (
				B45C6EDF29C58DCD00739811 /* Debug */,
				B45C6EE029C58DCD00739811 /* Release */,
			);
			defaultConfigurationIsVisible = 0;
			defaultConfigurationName = Release;
		};
		B45C6EE129C58DCD00739811 /* Build configuration list for PBXNativeTarget "OpenMarket" */ = {
			isa = XCConfigurationList;
			buildConfigurations = (
				B45C6EE229C58DCD00739811 /* Debug */,
				B45C6EE329C58DCD00739811 /* Release */,
			);
			defaultConfigurationIsVisible = 0;
			defaultConfigurationName = Release;
		};
/* End XCConfigurationList section */
	};
	rootObject = B45C6EC529C58DCC00739811 /* Project object */;
}
