// !$*UTF8*$!
{
	archiveVersion = 1;
	classes = {
	};
	objectVersion = 56;
	objects = {

/* Begin PBXBuildFile section */
		9589F38EF4B95012F9DB2FEE /* Pods_OpenMarket.framework in Frameworks */ = {isa = PBXBuildFile; fileRef = 93F5689292F30E5977E34D35 /* Pods_OpenMarket.framework */; };
		B40FF9EB2B4FB091000AB03A /* ProductRegisterViewModel.swift in Sources */ = {isa = PBXBuildFile; fileRef = B40FF9EA2B4FB091000AB03A /* ProductRegisterViewModel.swift */; };
		B4266C4A2B4E986900525BA6 /* UITextField+.swift in Sources */ = {isa = PBXBuildFile; fileRef = B4266C492B4E986900525BA6 /* UITextField+.swift */; };
		B4266C4C2B4EB7E400525BA6 /* BaseTextView.swift in Sources */ = {isa = PBXBuildFile; fileRef = B4266C4B2B4EB7E400525BA6 /* BaseTextView.swift */; };
		B4417F992B4503AD00A3A0F9 /* ProductListProvider.swift in Sources */ = {isa = PBXBuildFile; fileRef = B4417F982B4503AD00A3A0F9 /* ProductListProvider.swift */; };
		B4417F9B2B46EC0200A3A0F9 /* ProductDetailViewModel.swift in Sources */ = {isa = PBXBuildFile; fileRef = B4417F9A2B46EC0200A3A0F9 /* ProductDetailViewModel.swift */; };
		B4417F9D2B47D94400A3A0F9 /* ProductDetailView.swift in Sources */ = {isa = PBXBuildFile; fileRef = B4417F9C2B47D94400A3A0F9 /* ProductDetailView.swift */; };
		B4417F9F2B4BEB3300A3A0F9 /* ProductDetailFooterView.swift in Sources */ = {isa = PBXBuildFile; fileRef = B4417F9E2B4BEB3300A3A0F9 /* ProductDetailFooterView.swift */; };
		B4417FA12B4BEB5000A3A0F9 /* BaseView.swift in Sources */ = {isa = PBXBuildFile; fileRef = B4417FA02B4BEB5000A3A0F9 /* BaseView.swift */; };
		B4417FA32B4BEBF100A3A0F9 /* UIViewPreView+.swift in Sources */ = {isa = PBXBuildFile; fileRef = B4417FA22B4BEBF100A3A0F9 /* UIViewPreView+.swift */; };
		B4417FA62B4C08B800A3A0F9 /* UIColor+.swift in Sources */ = {isa = PBXBuildFile; fileRef = B4417FA52B4C08B800A3A0F9 /* UIColor+.swift */; };
		B4417FA82B4C204400A3A0F9 /* BaseTabBarController.swift in Sources */ = {isa = PBXBuildFile; fileRef = B4417FA72B4C204400A3A0F9 /* BaseTabBarController.swift */; };
		B4417FAA2B4C379B00A3A0F9 /* ProfileView.swift in Sources */ = {isa = PBXBuildFile; fileRef = B4417FA92B4C379B00A3A0F9 /* ProfileView.swift */; };
		B4417FCC2B4CFEBC00A3A0F9 /* UIViewController+.swift in Sources */ = {isa = PBXBuildFile; fileRef = B4417FCB2B4CFEBC00A3A0F9 /* UIViewController+.swift */; };
		B44936D929CD6406001E5F20 /* UIImageView+.swift in Sources */ = {isa = PBXBuildFile; fileRef = B44936D829CD6406001E5F20 /* UIImageView+.swift */; };
		B44936DB29CEF459001E5F20 /* SearchViewModel.swift in Sources */ = {isa = PBXBuildFile; fileRef = B44936DA29CEF459001E5F20 /* SearchViewModel.swift */; };
		B44936DD29D0292F001E5F20 /* String+.swift in Sources */ = {isa = PBXBuildFile; fileRef = B44936DC29D0292F001E5F20 /* String+.swift */; };
		B44936E329D4149D001E5F20 /* AlertFactory.swift in Sources */ = {isa = PBXBuildFile; fileRef = B44936E229D4149D001E5F20 /* AlertFactory.swift */; };
		B44936E629D414A9001E5F20 /* FailureAlert.swift in Sources */ = {isa = PBXBuildFile; fileRef = B44936E429D414A9001E5F20 /* FailureAlert.swift */; };
		B44936E729D414A9001E5F20 /* ExitAlert.swift in Sources */ = {isa = PBXBuildFile; fileRef = B44936E529D414A9001E5F20 /* ExitAlert.swift */; };
		B44936EB29D68B1D001E5F20 /* ViewControllerFactory.swift in Sources */ = {isa = PBXBuildFile; fileRef = B44936EA29D68B1D001E5F20 /* ViewControllerFactory.swift */; };
		B44936ED29D68BA0001E5F20 /* Double+.swift in Sources */ = {isa = PBXBuildFile; fileRef = B44936EC29D68BA0001E5F20 /* Double+.swift */; };
		B44936F029DB0528001E5F20 /* ProductDetailViewController.swift in Sources */ = {isa = PBXBuildFile; fileRef = B44936EF29DB0528001E5F20 /* ProductDetailViewController.swift */; };
		B455B0CB29C59A100062D612 /* APIService.swift in Sources */ = {isa = PBXBuildFile; fileRef = B455B0CA29C59A100062D612 /* APIService.swift */; };
		B455B0CE29C59F3E0062D612 /* APIRouter.swift in Sources */ = {isa = PBXBuildFile; fileRef = B455B0CD29C59F3E0062D612 /* APIRouter.swift */; };
		B455B0D229C5CA2E0062D612 /* JSONDecode+.swift in Sources */ = {isa = PBXBuildFile; fileRef = B455B0D129C5CA2E0062D612 /* JSONDecode+.swift */; };
		B455B0D429C5CA410062D612 /* JSONDecodeError.swift in Sources */ = {isa = PBXBuildFile; fileRef = B455B0D329C5CA410062D612 /* JSONDecodeError.swift */; };
		B455B0D729C5E6950062D612 /* APIConstant.swift in Sources */ = {isa = PBXBuildFile; fileRef = B455B0D629C5E6950062D612 /* APIConstant.swift */; };
		B455B0D929C8416E0062D612 /* OpenMarketAPIError.swift in Sources */ = {isa = PBXBuildFile; fileRef = B455B0D829C8416E0062D612 /* OpenMarketAPIError.swift */; };
		B455B0E029C875F60062D612 /* SearchViewController.swift in Sources */ = {isa = PBXBuildFile; fileRef = B455B0DF29C875F60062D612 /* SearchViewController.swift */; };
		B455B0E229C8765A0062D612 /* Array+.swift in Sources */ = {isa = PBXBuildFile; fileRef = B455B0E129C8765A0062D612 /* Array+.swift */; };
		B45C6ED129C58DCC00739811 /* AppDelegate.swift in Sources */ = {isa = PBXBuildFile; fileRef = B45C6ED029C58DCC00739811 /* AppDelegate.swift */; };
		B45C6ED329C58DCC00739811 /* SceneDelegate.swift in Sources */ = {isa = PBXBuildFile; fileRef = B45C6ED229C58DCC00739811 /* SceneDelegate.swift */; };
		B45C6ED529C58DCC00739811 /* ProductListViewContoller.swift in Sources */ = {isa = PBXBuildFile; fileRef = B45C6ED429C58DCC00739811 /* ProductListViewContoller.swift */; };
		B45C6EDA29C58DCD00739811 /* Assets.xcassets in Resources */ = {isa = PBXBuildFile; fileRef = B45C6ED929C58DCD00739811 /* Assets.xcassets */; };
		B45C6EDD29C58DCD00739811 /* LaunchScreen.storyboard in Resources */ = {isa = PBXBuildFile; fileRef = B45C6EDB29C58DCD00739811 /* LaunchScreen.storyboard */; };
		B45C6EE929C597B000739811 /* Product.swift in Sources */ = {isa = PBXBuildFile; fileRef = B45C6EE829C597B000739811 /* Product.swift */; };
		B45C6EEB29C5980D00739811 /* Currency.swift in Sources */ = {isa = PBXBuildFile; fileRef = B45C6EEA29C5980D00739811 /* Currency.swift */; };
		B45C6EEF29C5982900739811 /* Vendor.swift in Sources */ = {isa = PBXBuildFile; fileRef = B45C6EEC29C5982900739811 /* Vendor.swift */; };
		B45C6EF029C5982900739811 /* Image.swift in Sources */ = {isa = PBXBuildFile; fileRef = B45C6EED29C5982900739811 /* Image.swift */; };
		B45C6EF129C5982900739811 /* ProductList.swift in Sources */ = {isa = PBXBuildFile; fileRef = B45C6EEE29C5982900739811 /* ProductList.swift */; };
		B464BAAE2B195FB3001EAF1F /* ImageCacheManager.swift in Sources */ = {isa = PBXBuildFile; fileRef = B464BAAD2B195FB3001EAF1F /* ImageCacheManager.swift */; };
		B466C76129CC0EC100E8745F /* ProductListViewModel.swift in Sources */ = {isa = PBXBuildFile; fileRef = B466C76029CC0EC100E8745F /* ProductListViewModel.swift */; };
		B466C76329CC109200E8745F /* ProductCell.swift in Sources */ = {isa = PBXBuildFile; fileRef = B466C76229CC109200E8745F /* ProductCell.swift */; };
		B466C76529CC1CBB00E8745F /* ReusableView.swift in Sources */ = {isa = PBXBuildFile; fileRef = B466C76429CC1CBB00E8745F /* ReusableView.swift */; };
		B481D4AD2B44257F001F91B2 /* BaseViewModel.swift in Sources */ = {isa = PBXBuildFile; fileRef = B481D4AC2B44257F001F91B2 /* BaseViewModel.swift */; };
		B4A5A3C12B4D2575009F3400 /* Locale+.swift in Sources */ = {isa = PBXBuildFile; fileRef = B4A5A3BF2B4D2575009F3400 /* Locale+.swift */; };
		B4A5A3C22B4D2575009F3400 /* DateFormatter+.swift in Sources */ = {isa = PBXBuildFile; fileRef = B4A5A3C02B4D2575009F3400 /* DateFormatter+.swift */; };
		B4A5A3C62B4E7B27009F3400 /* TabBarFactory.swift in Sources */ = {isa = PBXBuildFile; fileRef = B4A5A3C52B4E7B27009F3400 /* TabBarFactory.swift */; };
		B4A5A3C92B4E83BE009F3400 /* ProductRegisterViewController.swift in Sources */ = {isa = PBXBuildFile; fileRef = B4A5A3C82B4E83BE009F3400 /* ProductRegisterViewController.swift */; };
		B4A5A3CB2B4E83F9009F3400 /* ProductRegisterView.swift in Sources */ = {isa = PBXBuildFile; fileRef = B4A5A3CA2B4E83F9009F3400 /* ProductRegisterView.swift */; };
		B4A5A3CD2B4E8A52009F3400 /* BaseTextField.swift in Sources */ = {isa = PBXBuildFile; fileRef = B4A5A3CC2B4E8A52009F3400 /* BaseTextField.swift */; };
		B4A8038829DFF52D00C8A029 /* PreviewViewController.swift in Sources */ = {isa = PBXBuildFile; fileRef = B4A8038729DFF52D00C8A029 /* PreviewViewController.swift */; };
		B4C562462B552B2000281202 /* PictureScrollView.swift in Sources */ = {isa = PBXBuildFile; fileRef = B4C562452B552B2000281202 /* PictureScrollView.swift */; };
		B4C562482B55919F00281202 /* Constant.swift in Sources */ = {isa = PBXBuildFile; fileRef = B4C562472B55919F00281202 /* Constant.swift */; };
		B4C5624A2B566FEE00281202 /* ParamsProduct.swift in Sources */ = {isa = PBXBuildFile; fileRef = B4C562492B566FEE00281202 /* ParamsProduct.swift */; };
		B4C5624C2B57BB2000281202 /* NSItemProvider+.swift in Sources */ = {isa = PBXBuildFile; fileRef = B4C5624B2B57BB2000281202 /* NSItemProvider+.swift */; };
		B4C5624E2B57D39C00281202 /* UIImage+.swift in Sources */ = {isa = PBXBuildFile; fileRef = B4C5624D2B57D39C00281202 /* UIImage+.swift */; };
		B4C562502B582D2100281202 /* SuccessAlert.swift in Sources */ = {isa = PBXBuildFile; fileRef = B4C5624F2B582D2100281202 /* SuccessAlert.swift */; };
		B4C562522B5831C300281202 /* RegisterError.swift in Sources */ = {isa = PBXBuildFile; fileRef = B4C562512B5831C300281202 /* RegisterError.swift */; };
		B4C562542B593D5E00281202 /* BaseLoadingView.swift in Sources */ = {isa = PBXBuildFile; fileRef = B4C562532B593D5E00281202 /* BaseLoadingView.swift */; };
		B4C562562B593EBE00281202 /* LoadingLottie.json in Resources */ = {isa = PBXBuildFile; fileRef = B4C562552B593EBE00281202 /* LoadingLottie.json */; };
		B4D517532B73865C003E404A /* ViewModelFactory.swift in Sources */ = {isa = PBXBuildFile; fileRef = B4D517522B73865C003E404A /* ViewModelFactory.swift */; };
		B4E6DD6D2B3FF56800E2DCD8 /* BaseTableViewController.swift in Sources */ = {isa = PBXBuildFile; fileRef = B4E6DD6C2B3FF56800E2DCD8 /* BaseTableViewController.swift */; };
		B4E6DD702B3FF7E600E2DCD8 /* BaseViewController.swift in Sources */ = {isa = PBXBuildFile; fileRef = B4E6DD6F2B3FF7E600E2DCD8 /* BaseViewController.swift */; };
		B4FDC00E2B60E8560043DC5A /* Then+.swift in Sources */ = {isa = PBXBuildFile; fileRef = B4FDC00D2B60E8560043DC5A /* Then+.swift */; };
/* End PBXBuildFile section */

/* Begin PBXFileReference section */
		84F5822B036BCB10B6F6380F /* Pods-OpenMarket.release.xcconfig */ = {isa = PBXFileReference; includeInIndex = 1; lastKnownFileType = text.xcconfig; name = "Pods-OpenMarket.release.xcconfig"; path = "Target Support Files/Pods-OpenMarket/Pods-OpenMarket.release.xcconfig"; sourceTree = "<group>"; };
		93F5689292F30E5977E34D35 /* Pods_OpenMarket.framework */ = {isa = PBXFileReference; explicitFileType = wrapper.framework; includeInIndex = 0; path = Pods_OpenMarket.framework; sourceTree = BUILT_PRODUCTS_DIR; };
		B40FF9EA2B4FB091000AB03A /* ProductRegisterViewModel.swift */ = {isa = PBXFileReference; lastKnownFileType = sourcecode.swift; path = ProductRegisterViewModel.swift; sourceTree = "<group>"; };
		B4266C492B4E986900525BA6 /* UITextField+.swift */ = {isa = PBXFileReference; lastKnownFileType = sourcecode.swift; path = "UITextField+.swift"; sourceTree = "<group>"; };
		B4266C4B2B4EB7E400525BA6 /* BaseTextView.swift */ = {isa = PBXFileReference; lastKnownFileType = sourcecode.swift; path = BaseTextView.swift; sourceTree = "<group>"; };
		B4417F982B4503AD00A3A0F9 /* ProductListProvider.swift */ = {isa = PBXFileReference; lastKnownFileType = sourcecode.swift; path = ProductListProvider.swift; sourceTree = "<group>"; };
		B4417F9A2B46EC0200A3A0F9 /* ProductDetailViewModel.swift */ = {isa = PBXFileReference; lastKnownFileType = sourcecode.swift; path = ProductDetailViewModel.swift; sourceTree = "<group>"; };
		B4417F9C2B47D94400A3A0F9 /* ProductDetailView.swift */ = {isa = PBXFileReference; lastKnownFileType = sourcecode.swift; path = ProductDetailView.swift; sourceTree = "<group>"; };
		B4417F9E2B4BEB3300A3A0F9 /* ProductDetailFooterView.swift */ = {isa = PBXFileReference; lastKnownFileType = sourcecode.swift; path = ProductDetailFooterView.swift; sourceTree = "<group>"; };
		B4417FA02B4BEB5000A3A0F9 /* BaseView.swift */ = {isa = PBXFileReference; lastKnownFileType = sourcecode.swift; path = BaseView.swift; sourceTree = "<group>"; };
		B4417FA22B4BEBF100A3A0F9 /* UIViewPreView+.swift */ = {isa = PBXFileReference; lastKnownFileType = sourcecode.swift; path = "UIViewPreView+.swift"; sourceTree = "<group>"; };
		B4417FA52B4C08B800A3A0F9 /* UIColor+.swift */ = {isa = PBXFileReference; lastKnownFileType = sourcecode.swift; path = "UIColor+.swift"; sourceTree = "<group>"; };
		B4417FA72B4C204400A3A0F9 /* BaseTabBarController.swift */ = {isa = PBXFileReference; lastKnownFileType = sourcecode.swift; path = BaseTabBarController.swift; sourceTree = "<group>"; };
		B4417FA92B4C379B00A3A0F9 /* ProfileView.swift */ = {isa = PBXFileReference; lastKnownFileType = sourcecode.swift; path = ProfileView.swift; sourceTree = "<group>"; };
		B4417FCB2B4CFEBC00A3A0F9 /* UIViewController+.swift */ = {isa = PBXFileReference; lastKnownFileType = sourcecode.swift; path = "UIViewController+.swift"; sourceTree = "<group>"; };
		B44936D829CD6406001E5F20 /* UIImageView+.swift */ = {isa = PBXFileReference; lastKnownFileType = sourcecode.swift; path = "UIImageView+.swift"; sourceTree = "<group>"; };
		B44936DA29CEF459001E5F20 /* SearchViewModel.swift */ = {isa = PBXFileReference; lastKnownFileType = sourcecode.swift; path = SearchViewModel.swift; sourceTree = "<group>"; };
		B44936DC29D0292F001E5F20 /* String+.swift */ = {isa = PBXFileReference; fileEncoding = 4; lastKnownFileType = sourcecode.swift; path = "String+.swift"; sourceTree = "<group>"; };
		B44936E229D4149D001E5F20 /* AlertFactory.swift */ = {isa = PBXFileReference; fileEncoding = 4; lastKnownFileType = sourcecode.swift; path = AlertFactory.swift; sourceTree = "<group>"; };
		B44936E429D414A9001E5F20 /* FailureAlert.swift */ = {isa = PBXFileReference; fileEncoding = 4; lastKnownFileType = sourcecode.swift; path = FailureAlert.swift; sourceTree = "<group>"; };
		B44936E529D414A9001E5F20 /* ExitAlert.swift */ = {isa = PBXFileReference; fileEncoding = 4; lastKnownFileType = sourcecode.swift; path = ExitAlert.swift; sourceTree = "<group>"; };
		B44936EA29D68B1D001E5F20 /* ViewControllerFactory.swift */ = {isa = PBXFileReference; lastKnownFileType = sourcecode.swift; path = ViewControllerFactory.swift; sourceTree = "<group>"; };
		B44936EC29D68BA0001E5F20 /* Double+.swift */ = {isa = PBXFileReference; lastKnownFileType = sourcecode.swift; path = "Double+.swift"; sourceTree = "<group>"; };
		B44936EF29DB0528001E5F20 /* ProductDetailViewController.swift */ = {isa = PBXFileReference; lastKnownFileType = sourcecode.swift; path = ProductDetailViewController.swift; sourceTree = "<group>"; };
		B455B0CA29C59A100062D612 /* APIService.swift */ = {isa = PBXFileReference; lastKnownFileType = sourcecode.swift; path = APIService.swift; sourceTree = "<group>"; };
		B455B0CD29C59F3E0062D612 /* APIRouter.swift */ = {isa = PBXFileReference; lastKnownFileType = sourcecode.swift; path = APIRouter.swift; sourceTree = "<group>"; };
		B455B0D129C5CA2E0062D612 /* JSONDecode+.swift */ = {isa = PBXFileReference; fileEncoding = 4; lastKnownFileType = sourcecode.swift; path = "JSONDecode+.swift"; sourceTree = "<group>"; };
		B455B0D329C5CA410062D612 /* JSONDecodeError.swift */ = {isa = PBXFileReference; fileEncoding = 4; lastKnownFileType = sourcecode.swift; path = JSONDecodeError.swift; sourceTree = "<group>"; };
		B455B0D629C5E6950062D612 /* APIConstant.swift */ = {isa = PBXFileReference; lastKnownFileType = sourcecode.swift; path = APIConstant.swift; sourceTree = "<group>"; };
		B455B0D829C8416E0062D612 /* OpenMarketAPIError.swift */ = {isa = PBXFileReference; lastKnownFileType = sourcecode.swift; path = OpenMarketAPIError.swift; sourceTree = "<group>"; };
		B455B0DF29C875F60062D612 /* SearchViewController.swift */ = {isa = PBXFileReference; lastKnownFileType = sourcecode.swift; path = SearchViewController.swift; sourceTree = "<group>"; };
		B455B0E129C8765A0062D612 /* Array+.swift */ = {isa = PBXFileReference; fileEncoding = 4; lastKnownFileType = sourcecode.swift; path = "Array+.swift"; sourceTree = "<group>"; };
		B45C6ECD29C58DCC00739811 /* OpenMarket.app */ = {isa = PBXFileReference; explicitFileType = wrapper.application; includeInIndex = 0; path = OpenMarket.app; sourceTree = BUILT_PRODUCTS_DIR; };
		B45C6ED029C58DCC00739811 /* AppDelegate.swift */ = {isa = PBXFileReference; lastKnownFileType = sourcecode.swift; path = AppDelegate.swift; sourceTree = "<group>"; };
		B45C6ED229C58DCC00739811 /* SceneDelegate.swift */ = {isa = PBXFileReference; lastKnownFileType = sourcecode.swift; path = SceneDelegate.swift; sourceTree = "<group>"; };
		B45C6ED429C58DCC00739811 /* ProductListViewContoller.swift */ = {isa = PBXFileReference; lastKnownFileType = sourcecode.swift; path = ProductListViewContoller.swift; sourceTree = "<group>"; };
		B45C6ED929C58DCD00739811 /* Assets.xcassets */ = {isa = PBXFileReference; lastKnownFileType = folder.assetcatalog; path = Assets.xcassets; sourceTree = "<group>"; };
		B45C6EDC29C58DCD00739811 /* Base */ = {isa = PBXFileReference; lastKnownFileType = file.storyboard; name = Base; path = Base.lproj/LaunchScreen.storyboard; sourceTree = "<group>"; };
		B45C6EDE29C58DCD00739811 /* Info.plist */ = {isa = PBXFileReference; lastKnownFileType = text.plist.xml; path = Info.plist; sourceTree = "<group>"; };
		B45C6EE829C597B000739811 /* Product.swift */ = {isa = PBXFileReference; lastKnownFileType = sourcecode.swift; path = Product.swift; sourceTree = "<group>"; };
		B45C6EEA29C5980D00739811 /* Currency.swift */ = {isa = PBXFileReference; fileEncoding = 4; lastKnownFileType = sourcecode.swift; path = Currency.swift; sourceTree = "<group>"; };
		B45C6EEC29C5982900739811 /* Vendor.swift */ = {isa = PBXFileReference; fileEncoding = 4; lastKnownFileType = sourcecode.swift; path = Vendor.swift; sourceTree = "<group>"; };
		B45C6EED29C5982900739811 /* Image.swift */ = {isa = PBXFileReference; fileEncoding = 4; lastKnownFileType = sourcecode.swift; path = Image.swift; sourceTree = "<group>"; };
		B45C6EEE29C5982900739811 /* ProductList.swift */ = {isa = PBXFileReference; fileEncoding = 4; lastKnownFileType = sourcecode.swift; path = ProductList.swift; sourceTree = "<group>"; };
		B464BAAD2B195FB3001EAF1F /* ImageCacheManager.swift */ = {isa = PBXFileReference; lastKnownFileType = sourcecode.swift; path = ImageCacheManager.swift; sourceTree = "<group>"; };
		B466C76029CC0EC100E8745F /* ProductListViewModel.swift */ = {isa = PBXFileReference; lastKnownFileType = sourcecode.swift; path = ProductListViewModel.swift; sourceTree = "<group>"; };
		B466C76229CC109200E8745F /* ProductCell.swift */ = {isa = PBXFileReference; lastKnownFileType = sourcecode.swift; path = ProductCell.swift; sourceTree = "<group>"; };
		B466C76429CC1CBB00E8745F /* ReusableView.swift */ = {isa = PBXFileReference; fileEncoding = 4; lastKnownFileType = sourcecode.swift; path = ReusableView.swift; sourceTree = "<group>"; };
		B481D4AC2B44257F001F91B2 /* BaseViewModel.swift */ = {isa = PBXFileReference; lastKnownFileType = sourcecode.swift; path = BaseViewModel.swift; sourceTree = "<group>"; };
		B4A5A3BF2B4D2575009F3400 /* Locale+.swift */ = {isa = PBXFileReference; fileEncoding = 4; lastKnownFileType = sourcecode.swift; path = "Locale+.swift"; sourceTree = "<group>"; };
		B4A5A3C02B4D2575009F3400 /* DateFormatter+.swift */ = {isa = PBXFileReference; fileEncoding = 4; lastKnownFileType = sourcecode.swift; path = "DateFormatter+.swift"; sourceTree = "<group>"; };
		B4A5A3C52B4E7B27009F3400 /* TabBarFactory.swift */ = {isa = PBXFileReference; lastKnownFileType = sourcecode.swift; path = TabBarFactory.swift; sourceTree = "<group>"; };
		B4A5A3C82B4E83BE009F3400 /* ProductRegisterViewController.swift */ = {isa = PBXFileReference; lastKnownFileType = sourcecode.swift; path = ProductRegisterViewController.swift; sourceTree = "<group>"; };
		B4A5A3CA2B4E83F9009F3400 /* ProductRegisterView.swift */ = {isa = PBXFileReference; lastKnownFileType = sourcecode.swift; path = ProductRegisterView.swift; sourceTree = "<group>"; };
		B4A5A3CC2B4E8A52009F3400 /* BaseTextField.swift */ = {isa = PBXFileReference; lastKnownFileType = sourcecode.swift; path = BaseTextField.swift; sourceTree = "<group>"; };
		B4A8038729DFF52D00C8A029 /* PreviewViewController.swift */ = {isa = PBXFileReference; lastKnownFileType = sourcecode.swift; path = PreviewViewController.swift; sourceTree = "<group>"; };
		B4C562452B552B2000281202 /* PictureScrollView.swift */ = {isa = PBXFileReference; lastKnownFileType = sourcecode.swift; path = PictureScrollView.swift; sourceTree = "<group>"; };
		B4C562472B55919F00281202 /* Constant.swift */ = {isa = PBXFileReference; lastKnownFileType = sourcecode.swift; path = Constant.swift; sourceTree = "<group>"; };
		B4C562492B566FEE00281202 /* ParamsProduct.swift */ = {isa = PBXFileReference; fileEncoding = 4; lastKnownFileType = sourcecode.swift; path = ParamsProduct.swift; sourceTree = "<group>"; };
		B4C5624B2B57BB2000281202 /* NSItemProvider+.swift */ = {isa = PBXFileReference; lastKnownFileType = sourcecode.swift; path = "NSItemProvider+.swift"; sourceTree = "<group>"; };
		B4C5624D2B57D39C00281202 /* UIImage+.swift */ = {isa = PBXFileReference; lastKnownFileType = sourcecode.swift; path = "UIImage+.swift"; sourceTree = "<group>"; };
		B4C5624F2B582D2100281202 /* SuccessAlert.swift */ = {isa = PBXFileReference; lastKnownFileType = sourcecode.swift; path = SuccessAlert.swift; sourceTree = "<group>"; };
		B4C562512B5831C300281202 /* RegisterError.swift */ = {isa = PBXFileReference; lastKnownFileType = sourcecode.swift; path = RegisterError.swift; sourceTree = "<group>"; };
		B4C562532B593D5E00281202 /* BaseLoadingView.swift */ = {isa = PBXFileReference; lastKnownFileType = sourcecode.swift; path = BaseLoadingView.swift; sourceTree = "<group>"; };
		B4C562552B593EBE00281202 /* LoadingLottie.json */ = {isa = PBXFileReference; fileEncoding = 4; lastKnownFileType = text.json; path = LoadingLottie.json; sourceTree = "<group>"; };
		B4D517522B73865C003E404A /* ViewModelFactory.swift */ = {isa = PBXFileReference; lastKnownFileType = sourcecode.swift; path = ViewModelFactory.swift; sourceTree = "<group>"; };
		B4E6DD6C2B3FF56800E2DCD8 /* BaseTableViewController.swift */ = {isa = PBXFileReference; lastKnownFileType = sourcecode.swift; path = BaseTableViewController.swift; sourceTree = "<group>"; };
		B4E6DD6F2B3FF7E600E2DCD8 /* BaseViewController.swift */ = {isa = PBXFileReference; lastKnownFileType = sourcecode.swift; path = BaseViewController.swift; sourceTree = "<group>"; };
		B4FDC00D2B60E8560043DC5A /* Then+.swift */ = {isa = PBXFileReference; lastKnownFileType = sourcecode.swift; path = "Then+.swift"; sourceTree = "<group>"; };
		CA0831079275291B1137DCF5 /* Pods-OpenMarket.debug.xcconfig */ = {isa = PBXFileReference; includeInIndex = 1; lastKnownFileType = text.xcconfig; name = "Pods-OpenMarket.debug.xcconfig"; path = "Target Support Files/Pods-OpenMarket/Pods-OpenMarket.debug.xcconfig"; sourceTree = "<group>"; };
/* End PBXFileReference section */

/* Begin PBXFrameworksBuildPhase section */
		B45C6ECA29C58DCC00739811 /* Frameworks */ = {
			isa = PBXFrameworksBuildPhase;
			buildActionMask = 2147483647;
			files = (
				9589F38EF4B95012F9DB2FEE /* Pods_OpenMarket.framework in Frameworks */,
			);
			runOnlyForDeploymentPostprocessing = 0;
		};
/* End PBXFrameworksBuildPhase section */

/* Begin PBXGroup section */
		7975C9578C68374791D3C753 /* Pods */ = {
			isa = PBXGroup;
			children = (
				CA0831079275291B1137DCF5 /* Pods-OpenMarket.debug.xcconfig */,
				84F5822B036BCB10B6F6380F /* Pods-OpenMarket.release.xcconfig */,
			);
			path = Pods;
			sourceTree = "<group>";
		};
		B44936E129D41493001E5F20 /* Alert */ = {
			isa = PBXGroup;
			children = (
				B44936E529D414A9001E5F20 /* ExitAlert.swift */,
				B44936E429D414A9001E5F20 /* FailureAlert.swift */,
				B4C5624F2B582D2100281202 /* SuccessAlert.swift */,
			);
			path = Alert;
			sourceTree = "<group>";
		};
		B44936E829D68ADD001E5F20 /* Factory */ = {
			isa = PBXGroup;
			children = (
				B44936E229D4149D001E5F20 /* AlertFactory.swift */,
				B4D517522B73865C003E404A /* ViewModelFactory.swift */,
				B44936EA29D68B1D001E5F20 /* ViewControllerFactory.swift */,
				B4A5A3C52B4E7B27009F3400 /* TabBarFactory.swift */,
			);
			path = Factory;
			sourceTree = "<group>";
		};
		B44936EE29DB04F8001E5F20 /* ProductDetail */ = {
			isa = PBXGroup;
			children = (
				B4417F9A2B46EC0200A3A0F9 /* ProductDetailViewModel.swift */,
				B4417F9C2B47D94400A3A0F9 /* ProductDetailView.swift */,
				B44936EF29DB0528001E5F20 /* ProductDetailViewController.swift */,
				B4417F9E2B4BEB3300A3A0F9 /* ProductDetailFooterView.swift */,
				B4417FA92B4C379B00A3A0F9 /* ProfileView.swift */,
			);
			path = ProductDetail;
			sourceTree = "<group>";
		};
		B455B0D529C5E6810062D612 /* API */ = {
			isa = PBXGroup;
			children = (
				B455B0D629C5E6950062D612 /* APIConstant.swift */,
				B455B0CD29C59F3E0062D612 /* APIRouter.swift */,
				B455B0CA29C59A100062D612 /* APIService.swift */,
			);
			path = API;
			sourceTree = "<group>";
		};
		B455B0DA29C867A40062D612 /* Error */ = {
			isa = PBXGroup;
			children = (
				B455B0D829C8416E0062D612 /* OpenMarketAPIError.swift */,
				B455B0D329C5CA410062D612 /* JSONDecodeError.swift */,
				B4C562512B5831C300281202 /* RegisterError.swift */,
			);
			path = Error;
			sourceTree = "<group>";
		};
		B455B0DB29C867B20062D612 /* Utils */ = {
			isa = PBXGroup;
			children = (
				B481D4AB2B44255F001F91B2 /* Managers */,
				B481D4AA2B44254C001F91B2 /* Protocols */,
				B481D4A92B44252D001F91B2 /* Extensions */,
			);
			path = Utils;
			sourceTree = "<group>";
		};
		B455B0DD29C871DD0062D612 /* ProductList */ = {
			isa = PBXGroup;
			children = (
				B4417F982B4503AD00A3A0F9 /* ProductListProvider.swift */,
				B466C76029CC0EC100E8745F /* ProductListViewModel.swift */,
				B45C6ED429C58DCC00739811 /* ProductListViewContoller.swift */,
				B466C76229CC109200E8745F /* ProductCell.swift */,
			);
			path = ProductList;
			sourceTree = "<group>";
		};
		B455B0DE29C875D90062D612 /* Search */ = {
			isa = PBXGroup;
			children = (
				B44936DA29CEF459001E5F20 /* SearchViewModel.swift */,
				B455B0DF29C875F60062D612 /* SearchViewController.swift */,
			);
			path = Search;
			sourceTree = "<group>";
		};
		B45C6EC429C58DCC00739811 = {
			isa = PBXGroup;
			children = (
				B45C6ECF29C58DCC00739811 /* OpenMarket */,
				B45C6ECE29C58DCC00739811 /* Products */,
				7975C9578C68374791D3C753 /* Pods */,
				E66A1EACF6086D1B21B7D426 /* Frameworks */,
			);
			sourceTree = "<group>";
		};
		B45C6ECE29C58DCC00739811 /* Products */ = {
			isa = PBXGroup;
			children = (
				B45C6ECD29C58DCC00739811 /* OpenMarket.app */,
			);
			name = Products;
			sourceTree = "<group>";
		};
		B45C6ECF29C58DCC00739811 /* OpenMarket */ = {
			isa = PBXGroup;
			children = (
				B45C6EE429C5912C00739811 /* Source */,
				B45C6EE529C5913600739811 /* Resource */,
			);
			path = OpenMarket;
			sourceTree = "<group>";
		};
		B45C6EE429C5912C00739811 /* Source */ = {
			isa = PBXGroup;
			children = (
				B45C6EE629C5914700739811 /* App */,
				B466C75E29CB17F400E8745F /* Domain */,
				B466C75F29CB180000E8745F /* Pages */,
				B44936E829D68ADD001E5F20 /* Factory */,
				B455B0DB29C867B20062D612 /* Utils */,
				B455B0DA29C867A40062D612 /* Error */,
			);
			path = Source;
			sourceTree = "<group>";
		};
		B45C6EE529C5913600739811 /* Resource */ = {
			isa = PBXGroup;
			children = (
				B4C562552B593EBE00281202 /* LoadingLottie.json */,
				B45C6ED929C58DCD00739811 /* Assets.xcassets */,
				B45C6EDB29C58DCD00739811 /* LaunchScreen.storyboard */,
				B45C6EDE29C58DCD00739811 /* Info.plist */,
				B4C562472B55919F00281202 /* Constant.swift */,
			);
			path = Resource;
			sourceTree = "<group>";
		};
		B45C6EE629C5914700739811 /* App */ = {
			isa = PBXGroup;
			children = (
				B45C6ED029C58DCC00739811 /* AppDelegate.swift */,
				B45C6ED229C58DCC00739811 /* SceneDelegate.swift */,
			);
			path = App;
			sourceTree = "<group>";
		};
		B45C6EE729C5979200739811 /* Model */ = {
			isa = PBXGroup;
			children = (
				B45C6EE829C597B000739811 /* Product.swift */,
				B45C6EEE29C5982900739811 /* ProductList.swift */,
				B45C6EED29C5982900739811 /* Image.swift */,
				B45C6EEC29C5982900739811 /* Vendor.swift */,
				B45C6EEA29C5980D00739811 /* Currency.swift */,
				B4C562492B566FEE00281202 /* ParamsProduct.swift */,
			);
			path = Model;
			sourceTree = "<group>";
		};
		B466C75E29CB17F400E8745F /* Domain */ = {
			isa = PBXGroup;
			children = (
				B455B0D529C5E6810062D612 /* API */,
				B45C6EE729C5979200739811 /* Model */,
			);
			path = Domain;
			sourceTree = "<group>";
		};
		B466C75F29CB180000E8745F /* Pages */ = {
			isa = PBXGroup;
			children = (
				B4E6DD6E2B3FF7BA00E2DCD8 /* Base */,
				B455B0DD29C871DD0062D612 /* ProductList */,
				B455B0DE29C875D90062D612 /* Search */,
				B44936EE29DB04F8001E5F20 /* ProductDetail */,
				B4A5A3C72B4E8385009F3400 /* ProductRegister */,
				B4A8038929E015C300C8A029 /* Preview */,
				B44936E129D41493001E5F20 /* Alert */,
			);
			path = Pages;
			sourceTree = "<group>";
		};
		B481D4A92B44252D001F91B2 /* Extensions */ = {
			isa = PBXGroup;
			children = (
				B4A5A3C42B4D2596009F3400 /* Foundation */,
				B4A5A3C32B4D2580009F3400 /* UI */,
				B4FDC00C2B60E8260043DC5A /* ThirdParty */,
			);
			path = Extensions;
			sourceTree = "<group>";
		};
		B481D4AA2B44254C001F91B2 /* Protocols */ = {
			isa = PBXGroup;
			children = (
				B466C76429CC1CBB00E8745F /* ReusableView.swift */,
			);
			path = Protocols;
			sourceTree = "<group>";
		};
		B481D4AB2B44255F001F91B2 /* Managers */ = {
			isa = PBXGroup;
			children = (
				B464BAAD2B195FB3001EAF1F /* ImageCacheManager.swift */,
			);
			path = Managers;
			sourceTree = "<group>";
		};
		B4A5A3C32B4D2580009F3400 /* UI */ = {
			isa = PBXGroup;
			children = (
				B4417FA52B4C08B800A3A0F9 /* UIColor+.swift */,
				B4C5624D2B57D39C00281202 /* UIImage+.swift */,
				B44936D829CD6406001E5F20 /* UIImageView+.swift */,
				B4417FCB2B4CFEBC00A3A0F9 /* UIViewController+.swift */,
				B4417FA22B4BEBF100A3A0F9 /* UIViewPreView+.swift */,
				B4266C492B4E986900525BA6 /* UITextField+.swift */,
			);
			path = UI;
			sourceTree = "<group>";
		};
		B4A5A3C42B4D2596009F3400 /* Foundation */ = {
			isa = PBXGroup;
			children = (
				B455B0E129C8765A0062D612 /* Array+.swift */,
				B4A5A3C02B4D2575009F3400 /* DateFormatter+.swift */,
				B44936EC29D68BA0001E5F20 /* Double+.swift */,
				B455B0D129C5CA2E0062D612 /* JSONDecode+.swift */,
				B4A5A3BF2B4D2575009F3400 /* Locale+.swift */,
				B44936DC29D0292F001E5F20 /* String+.swift */,
				B4C5624B2B57BB2000281202 /* NSItemProvider+.swift */,
			);
			path = Foundation;
			sourceTree = "<group>";
		};
		B4A5A3C72B4E8385009F3400 /* ProductRegister */ = {
			isa = PBXGroup;
			children = (
				B40FF9EA2B4FB091000AB03A /* ProductRegisterViewModel.swift */,
				B4A5A3C82B4E83BE009F3400 /* ProductRegisterViewController.swift */,
				B4A5A3CA2B4E83F9009F3400 /* ProductRegisterView.swift */,
				B4C562452B552B2000281202 /* PictureScrollView.swift */,
			);
			path = ProductRegister;
			sourceTree = "<group>";
		};
		B4A8038929E015C300C8A029 /* Preview */ = {
			isa = PBXGroup;
			children = (
				B4A8038729DFF52D00C8A029 /* PreviewViewController.swift */,
			);
			path = Preview;
			sourceTree = "<group>";
		};
		B4E6DD6E2B3FF7BA00E2DCD8 /* Base */ = {
			isa = PBXGroup;
			children = (
				B481D4AC2B44257F001F91B2 /* BaseViewModel.swift */,
				B4417FA02B4BEB5000A3A0F9 /* BaseView.swift */,
				B4E6DD6F2B3FF7E600E2DCD8 /* BaseViewController.swift */,
				B4E6DD6C2B3FF56800E2DCD8 /* BaseTableViewController.swift */,
				B4417FA72B4C204400A3A0F9 /* BaseTabBarController.swift */,
				B4A5A3CC2B4E8A52009F3400 /* BaseTextField.swift */,
				B4266C4B2B4EB7E400525BA6 /* BaseTextView.swift */,
				B4C562532B593D5E00281202 /* BaseLoadingView.swift */,
			);
			path = Base;
			sourceTree = "<group>";
		};
		B4FDC00C2B60E8260043DC5A /* ThirdParty */ = {
			isa = PBXGroup;
			children = (
				B4FDC00D2B60E8560043DC5A /* Then+.swift */,
			);
			path = ThirdParty;
			sourceTree = "<group>";
		};
		E66A1EACF6086D1B21B7D426 /* Frameworks */ = {
			isa = PBXGroup;
			children = (
				93F5689292F30E5977E34D35 /* Pods_OpenMarket.framework */,
			);
			name = Frameworks;
			sourceTree = "<group>";
		};
/* End PBXGroup section */

/* Begin PBXNativeTarget section */
		B45C6ECC29C58DCC00739811 /* OpenMarket */ = {
			isa = PBXNativeTarget;
			buildConfigurationList = B45C6EE129C58DCD00739811 /* Build configuration list for PBXNativeTarget "OpenMarket" */;
			buildPhases = (
				E99FF8068CA7F821F687BA06 /* [CP] Check Pods Manifest.lock */,
				B45C6EC929C58DCC00739811 /* Sources */,
				B45C6ECA29C58DCC00739811 /* Frameworks */,
				B45C6ECB29C58DCC00739811 /* Resources */,
				C0501A9D25F9B167BE2AF8F2 /* [CP] Embed Pods Frameworks */,
			);
			buildRules = (
			);
			dependencies = (
			);
			name = OpenMarket;
			productName = OpenMarket;
			productReference = B45C6ECD29C58DCC00739811 /* OpenMarket.app */;
			productType = "com.apple.product-type.application";
		};
/* End PBXNativeTarget section */

/* Begin PBXProject section */
		B45C6EC529C58DCC00739811 /* Project object */ = {
			isa = PBXProject;
			attributes = {
				BuildIndependentTargetsInParallel = 1;
				LastSwiftUpdateCheck = 1410;
				LastUpgradeCheck = 1410;
				TargetAttributes = {
					B45C6ECC29C58DCC00739811 = {
						CreatedOnToolsVersion = 14.1;
					};
				};
			};
			buildConfigurationList = B45C6EC829C58DCC00739811 /* Build configuration list for PBXProject "OpenMarket" */;
			compatibilityVersion = "Xcode 14.0";
			developmentRegion = en;
			hasScannedForEncodings = 0;
			knownRegions = (
				en,
				Base,
			);
			mainGroup = B45C6EC429C58DCC00739811;
			productRefGroup = B45C6ECE29C58DCC00739811 /* Products */;
			projectDirPath = "";
			projectRoot = "";
			targets = (
				B45C6ECC29C58DCC00739811 /* OpenMarket */,
			);
		};
/* End PBXProject section */

/* Begin PBXResourcesBuildPhase section */
		B45C6ECB29C58DCC00739811 /* Resources */ = {
			isa = PBXResourcesBuildPhase;
			buildActionMask = 2147483647;
			files = (
				B45C6EDD29C58DCD00739811 /* LaunchScreen.storyboard in Resources */,
				B4C562562B593EBE00281202 /* LoadingLottie.json in Resources */,
				B45C6EDA29C58DCD00739811 /* Assets.xcassets in Resources */,
			);
			runOnlyForDeploymentPostprocessing = 0;
		};
/* End PBXResourcesBuildPhase section */

/* Begin PBXShellScriptBuildPhase section */
		C0501A9D25F9B167BE2AF8F2 /* [CP] Embed Pods Frameworks */ = {
			isa = PBXShellScriptBuildPhase;
			buildActionMask = 2147483647;
			files = (
			);
			inputFileListPaths = (
				"${PODS_ROOT}/Target Support Files/Pods-OpenMarket/Pods-OpenMarket-frameworks-${CONFIGURATION}-input-files.xcfilelist",
			);
			name = "[CP] Embed Pods Frameworks";
			outputFileListPaths = (
				"${PODS_ROOT}/Target Support Files/Pods-OpenMarket/Pods-OpenMarket-frameworks-${CONFIGURATION}-output-files.xcfilelist",
			);
			runOnlyForDeploymentPostprocessing = 0;
			shellPath = /bin/sh;
			shellScript = "\"${PODS_ROOT}/Target Support Files/Pods-OpenMarket/Pods-OpenMarket-frameworks.sh\"\n";
			showEnvVarsInLog = 0;
		};
		E99FF8068CA7F821F687BA06 /* [CP] Check Pods Manifest.lock */ = {
			isa = PBXShellScriptBuildPhase;
			buildActionMask = 2147483647;
			files = (
			);
			inputFileListPaths = (
			);
			inputPaths = (
				"${PODS_PODFILE_DIR_PATH}/Podfile.lock",
				"${PODS_ROOT}/Manifest.lock",
			);
			name = "[CP] Check Pods Manifest.lock";
			outputFileListPaths = (
			);
			outputPaths = (
				"$(DERIVED_FILE_DIR)/Pods-OpenMarket-checkManifestLockResult.txt",
			);
			runOnlyForDeploymentPostprocessing = 0;
			shellPath = /bin/sh;
			shellScript = "diff \"${PODS_PODFILE_DIR_PATH}/Podfile.lock\" \"${PODS_ROOT}/Manifest.lock\" > /dev/null\nif [ $? != 0 ] ; then\n    # print error to STDERR\n    echo \"error: The sandbox is not in sync with the Podfile.lock. Run 'pod install' or update your CocoaPods installation.\" >&2\n    exit 1\nfi\n# This output is used by Xcode 'outputs' to avoid re-running this script phase.\necho \"SUCCESS\" > \"${SCRIPT_OUTPUT_FILE_0}\"\n";
			showEnvVarsInLog = 0;
		};
/* End PBXShellScriptBuildPhase section */

/* Begin PBXSourcesBuildPhase section */
		B45C6EC929C58DCC00739811 /* Sources */ = {
			isa = PBXSourcesBuildPhase;
			buildActionMask = 2147483647;
			files = (
				B4266C4C2B4EB7E400525BA6 /* BaseTextView.swift in Sources */,
				B44936DB29CEF459001E5F20 /* SearchViewModel.swift in Sources */,
				B44936EB29D68B1D001E5F20 /* ViewControllerFactory.swift in Sources */,
				B4A5A3CB2B4E83F9009F3400 /* ProductRegisterView.swift in Sources */,
				B4417FA82B4C204400A3A0F9 /* BaseTabBarController.swift in Sources */,
				B4C5624E2B57D39C00281202 /* UIImage+.swift in Sources */,
				B4E6DD702B3FF7E600E2DCD8 /* BaseViewController.swift in Sources */,
				B45C6EF029C5982900739811 /* Image.swift in Sources */,
				B4266C4A2B4E986900525BA6 /* UITextField+.swift in Sources */,
				B4A5A3C22B4D2575009F3400 /* DateFormatter+.swift in Sources */,
				B464BAAE2B195FB3001EAF1F /* ImageCacheManager.swift in Sources */,
				B4C5624A2B566FEE00281202 /* ParamsProduct.swift in Sources */,
				B4C5624C2B57BB2000281202 /* NSItemProvider+.swift in Sources */,
				B4C562542B593D5E00281202 /* BaseLoadingView.swift in Sources */,
				B455B0CB29C59A100062D612 /* APIService.swift in Sources */,
				B45C6EF129C5982900739811 /* ProductList.swift in Sources */,
				B455B0CE29C59F3E0062D612 /* APIRouter.swift in Sources */,
				B4A5A3C92B4E83BE009F3400 /* ProductRegisterViewController.swift in Sources */,
				B455B0D229C5CA2E0062D612 /* JSONDecode+.swift in Sources */,
				B455B0D429C5CA410062D612 /* JSONDecodeError.swift in Sources */,
				B45C6ED529C58DCC00739811 /* ProductListViewContoller.swift in Sources */,
				B4417FAA2B4C379B00A3A0F9 /* ProfileView.swift in Sources */,
				B455B0D729C5E6950062D612 /* APIConstant.swift in Sources */,
				B44936D929CD6406001E5F20 /* UIImageView+.swift in Sources */,
				B4417F9B2B46EC0200A3A0F9 /* ProductDetailViewModel.swift in Sources */,
				B44936F029DB0528001E5F20 /* ProductDetailViewController.swift in Sources */,
				B4417F9F2B4BEB3300A3A0F9 /* ProductDetailFooterView.swift in Sources */,
				B44936E629D414A9001E5F20 /* FailureAlert.swift in Sources */,
				B44936E329D4149D001E5F20 /* AlertFactory.swift in Sources */,
				B44936E729D414A9001E5F20 /* ExitAlert.swift in Sources */,
				B455B0E229C8765A0062D612 /* Array+.swift in Sources */,
				B481D4AD2B44257F001F91B2 /* BaseViewModel.swift in Sources */,
				B44936ED29D68BA0001E5F20 /* Double+.swift in Sources */,
				B4417FA62B4C08B800A3A0F9 /* UIColor+.swift in Sources */,
				B44936DD29D0292F001E5F20 /* String+.swift in Sources */,
				B4417F9D2B47D94400A3A0F9 /* ProductDetailView.swift in Sources */,
				B4C562502B582D2100281202 /* SuccessAlert.swift in Sources */,
				B45C6EEB29C5980D00739811 /* Currency.swift in Sources */,
				B466C76529CC1CBB00E8745F /* ReusableView.swift in Sources */,
				B4417FCC2B4CFEBC00A3A0F9 /* UIViewController+.swift in Sources */,
				B40FF9EB2B4FB091000AB03A /* ProductRegisterViewModel.swift in Sources */,
				B4C562522B5831C300281202 /* RegisterError.swift in Sources */,
				B4417FA12B4BEB5000A3A0F9 /* BaseView.swift in Sources */,
				B4FDC00E2B60E8560043DC5A /* Then+.swift in Sources */,
				B455B0E029C875F60062D612 /* SearchViewController.swift in Sources */,
				B45C6ED129C58DCC00739811 /* AppDelegate.swift in Sources */,
				B4A8038829DFF52D00C8A029 /* PreviewViewController.swift in Sources */,
				B4D517532B73865C003E404A /* ViewModelFactory.swift in Sources */,
				B45C6EEF29C5982900739811 /* Vendor.swift in Sources */,
				B4E6DD6D2B3FF56800E2DCD8 /* BaseTableViewController.swift in Sources */,
				B4A5A3C62B4E7B27009F3400 /* TabBarFactory.swift in Sources */,
				B4A5A3C12B4D2575009F3400 /* Locale+.swift in Sources */,
				B4A5A3CD2B4E8A52009F3400 /* BaseTextField.swift in Sources */,
				B4C562462B552B2000281202 /* PictureScrollView.swift in Sources */,
				B466C76129CC0EC100E8745F /* ProductListViewModel.swift in Sources */,
				B466C76329CC109200E8745F /* ProductCell.swift in Sources */,
				B4417F992B4503AD00A3A0F9 /* ProductListProvider.swift in Sources */,
				B455B0D929C8416E0062D612 /* OpenMarketAPIError.swift in Sources */,
				B4417FA32B4BEBF100A3A0F9 /* UIViewPreView+.swift in Sources */,
				B4C562482B55919F00281202 /* Constant.swift in Sources */,
				B45C6EE929C597B000739811 /* Product.swift in Sources */,
				B45C6ED329C58DCC00739811 /* SceneDelegate.swift in Sources */,
			);
			runOnlyForDeploymentPostprocessing = 0;
		};
/* End PBXSourcesBuildPhase section */

/* Begin PBXVariantGroup section */
		B45C6EDB29C58DCD00739811 /* LaunchScreen.storyboard */ = {
			isa = PBXVariantGroup;
			children = (
				B45C6EDC29C58DCD00739811 /* Base */,
			);
			name = LaunchScreen.storyboard;
			sourceTree = "<group>";
		};
/* End PBXVariantGroup section */

/* Begin XCBuildConfiguration section */
		B45C6EDF29C58DCD00739811 /* Debug */ = {
			isa = XCBuildConfiguration;
			buildSettings = {
				ALWAYS_SEARCH_USER_PATHS = NO;
				CLANG_ANALYZER_NONNULL = YES;
				CLANG_ANALYZER_NUMBER_OBJECT_CONVERSION = YES_AGGRESSIVE;
				CLANG_CXX_LANGUAGE_STANDARD = "gnu++20";
				CLANG_ENABLE_MODULES = YES;
				CLANG_ENABLE_OBJC_ARC = YES;
				CLANG_ENABLE_OBJC_WEAK = YES;
				CLANG_WARN_BLOCK_CAPTURE_AUTORELEASING = YES;
				CLANG_WARN_BOOL_CONVERSION = YES;
				CLANG_WARN_COMMA = YES;
				CLANG_WARN_CONSTANT_CONVERSION = YES;
				CLANG_WARN_DEPRECATED_OBJC_IMPLEMENTATIONS = YES;
				CLANG_WARN_DIRECT_OBJC_ISA_USAGE = YES_ERROR;
				CLANG_WARN_DOCUMENTATION_COMMENTS = YES;
				CLANG_WARN_EMPTY_BODY = YES;
				CLANG_WARN_ENUM_CONVERSION = YES;
				CLANG_WARN_INFINITE_RECURSION = YES;
				CLANG_WARN_INT_CONVERSION = YES;
				CLANG_WARN_NON_LITERAL_NULL_CONVERSION = YES;
				CLANG_WARN_OBJC_IMPLICIT_RETAIN_SELF = YES;
				CLANG_WARN_OBJC_LITERAL_CONVERSION = YES;
				CLANG_WARN_OBJC_ROOT_CLASS = YES_ERROR;
				CLANG_WARN_QUOTED_INCLUDE_IN_FRAMEWORK_HEADER = YES;
				CLANG_WARN_RANGE_LOOP_ANALYSIS = YES;
				CLANG_WARN_STRICT_PROTOTYPES = YES;
				CLANG_WARN_SUSPICIOUS_MOVE = YES;
				CLANG_WARN_UNGUARDED_AVAILABILITY = YES_AGGRESSIVE;
				CLANG_WARN_UNREACHABLE_CODE = YES;
				CLANG_WARN__DUPLICATE_METHOD_MATCH = YES;
				COPY_PHASE_STRIP = NO;
				DEBUG_INFORMATION_FORMAT = dwarf;
				ENABLE_STRICT_OBJC_MSGSEND = YES;
				ENABLE_TESTABILITY = YES;
				GCC_C_LANGUAGE_STANDARD = gnu11;
				GCC_DYNAMIC_NO_PIC = NO;
				GCC_NO_COMMON_BLOCKS = YES;
				GCC_OPTIMIZATION_LEVEL = 0;
				GCC_PREPROCESSOR_DEFINITIONS = (
					"DEBUG=1",
					"$(inherited)",
				);
				GCC_WARN_64_TO_32_BIT_CONVERSION = YES;
				GCC_WARN_ABOUT_RETURN_TYPE = YES_ERROR;
				GCC_WARN_UNDECLARED_SELECTOR = YES;
				GCC_WARN_UNINITIALIZED_AUTOS = YES_AGGRESSIVE;
				GCC_WARN_UNUSED_FUNCTION = YES;
				GCC_WARN_UNUSED_VARIABLE = YES;
				IPHONEOS_DEPLOYMENT_TARGET = 16.1;
				MTL_ENABLE_DEBUG_INFO = INCLUDE_SOURCE;
				MTL_FAST_MATH = YES;
				ONLY_ACTIVE_ARCH = YES;
				SDKROOT = iphoneos;
				SWIFT_ACTIVE_COMPILATION_CONDITIONS = DEBUG;
				SWIFT_OPTIMIZATION_LEVEL = "-Onone";
			};
			name = Debug;
		};
		B45C6EE029C58DCD00739811 /* Release */ = {
			isa = XCBuildConfiguration;
			buildSettings = {
				ALWAYS_SEARCH_USER_PATHS = NO;
				CLANG_ANALYZER_NONNULL = YES;
				CLANG_ANALYZER_NUMBER_OBJECT_CONVERSION = YES_AGGRESSIVE;
				CLANG_CXX_LANGUAGE_STANDARD = "gnu++20";
				CLANG_ENABLE_MODULES = YES;
				CLANG_ENABLE_OBJC_ARC = YES;
				CLANG_ENABLE_OBJC_WEAK = YES;
				CLANG_WARN_BLOCK_CAPTURE_AUTORELEASING = YES;
				CLANG_WARN_BOOL_CONVERSION = YES;
				CLANG_WARN_COMMA = YES;
				CLANG_WARN_CONSTANT_CONVERSION = YES;
				CLANG_WARN_DEPRECATED_OBJC_IMPLEMENTATIONS = YES;
				CLANG_WARN_DIRECT_OBJC_ISA_USAGE = YES_ERROR;
				CLANG_WARN_DOCUMENTATION_COMMENTS = YES;
				CLANG_WARN_EMPTY_BODY = YES;
				CLANG_WARN_ENUM_CONVERSION = YES;
				CLANG_WARN_INFINITE_RECURSION = YES;
				CLANG_WARN_INT_CONVERSION = YES;
				CLANG_WARN_NON_LITERAL_NULL_CONVERSION = YES;
				CLANG_WARN_OBJC_IMPLICIT_RETAIN_SELF = YES;
				CLANG_WARN_OBJC_LITERAL_CONVERSION = YES;
				CLANG_WARN_OBJC_ROOT_CLASS = YES_ERROR;
				CLANG_WARN_QUOTED_INCLUDE_IN_FRAMEWORK_HEADER = YES;
				CLANG_WARN_RANGE_LOOP_ANALYSIS = YES;
				CLANG_WARN_STRICT_PROTOTYPES = YES;
				CLANG_WARN_SUSPICIOUS_MOVE = YES;
				CLANG_WARN_UNGUARDED_AVAILABILITY = YES_AGGRESSIVE;
				CLANG_WARN_UNREACHABLE_CODE = YES;
				CLANG_WARN__DUPLICATE_METHOD_MATCH = YES;
				COPY_PHASE_STRIP = NO;
				DEBUG_INFORMATION_FORMAT = "dwarf-with-dsym";
				ENABLE_NS_ASSERTIONS = NO;
				ENABLE_STRICT_OBJC_MSGSEND = YES;
				GCC_C_LANGUAGE_STANDARD = gnu11;
				GCC_NO_COMMON_BLOCKS = YES;
				GCC_WARN_64_TO_32_BIT_CONVERSION = YES;
				GCC_WARN_ABOUT_RETURN_TYPE = YES_ERROR;
				GCC_WARN_UNDECLARED_SELECTOR = YES;
				GCC_WARN_UNINITIALIZED_AUTOS = YES_AGGRESSIVE;
				GCC_WARN_UNUSED_FUNCTION = YES;
				GCC_WARN_UNUSED_VARIABLE = YES;
				IPHONEOS_DEPLOYMENT_TARGET = 16.1;
				MTL_ENABLE_DEBUG_INFO = NO;
				MTL_FAST_MATH = YES;
				SDKROOT = iphoneos;
				SWIFT_COMPILATION_MODE = wholemodule;
				SWIFT_OPTIMIZATION_LEVEL = "-O";
				VALIDATE_PRODUCT = YES;
			};
			name = Release;
		};
		B45C6EE229C58DCD00739811 /* Debug */ = {
			isa = XCBuildConfiguration;
			baseConfigurationReference = CA0831079275291B1137DCF5 /* Pods-OpenMarket.debug.xcconfig */;
			buildSettings = {
				ASSETCATALOG_COMPILER_APPICON_NAME = AppIcon;
				ASSETCATALOG_COMPILER_GLOBAL_ACCENT_COLOR_NAME = AccentColor;
				CODE_SIGN_STYLE = Automatic;
				CURRENT_PROJECT_VERSION = 1;
				DEVELOPMENT_TEAM = 7T7HF9QMND;
				GENERATE_INFOPLIST_FILE = YES;
				INFOPLIST_FILE = OpenMarket/Resource/Info.plist;
				INFOPLIST_KEY_UIApplicationSupportsIndirectInputEvents = YES;
				INFOPLIST_KEY_UILaunchStoryboardName = LaunchScreen;
				INFOPLIST_KEY_UIMainStoryboardFile = "";
				INFOPLIST_KEY_UISupportedInterfaceOrientations_iPad = "UIInterfaceOrientationPortrait UIInterfaceOrientationPortraitUpsideDown UIInterfaceOrientationLandscapeLeft UIInterfaceOrientationLandscapeRight";
				INFOPLIST_KEY_UISupportedInterfaceOrientations_iPhone = "UIInterfaceOrientationPortrait UIInterfaceOrientationLandscapeLeft UIInterfaceOrientationLandscapeRight";
				IPHONEOS_DEPLOYMENT_TARGET = 15.0;
				LD_RUNPATH_SEARCH_PATHS = (
					"$(inherited)",
					"@executable_path/Frameworks",
				);
				MARKETING_VERSION = 1.0;
				PRODUCT_BUNDLE_IDENTIFIER = main.OpenMarket;
				PRODUCT_NAME = "$(TARGET_NAME)";
				SWIFT_EMIT_LOC_STRINGS = YES;
				SWIFT_VERSION = 5.0;
				TARGETED_DEVICE_FAMILY = "1,2";
			};
			name = Debug;
		};
		B45C6EE329C58DCD00739811 /* Release */ = {
			isa = XCBuildConfiguration;
			baseConfigurationReference = 84F5822B036BCB10B6F6380F /* Pods-OpenMarket.release.xcconfig */;
			buildSettings = {
				ASSETCATALOG_COMPILER_APPICON_NAME = AppIcon;
				ASSETCATALOG_COMPILER_GLOBAL_ACCENT_COLOR_NAME = AccentColor;
				CODE_SIGN_STYLE = Automatic;
				CURRENT_PROJECT_VERSION = 1;
				DEVELOPMENT_TEAM = 7T7HF9QMND;
				GENERATE_INFOPLIST_FILE = YES;
				INFOPLIST_FILE = OpenMarket/Resource/Info.plist;
				INFOPLIST_KEY_UIApplicationSupportsIndirectInputEvents = YES;
				INFOPLIST_KEY_UILaunchStoryboardName = LaunchScreen;
				INFOPLIST_KEY_UIMainStoryboardFile = "";
				INFOPLIST_KEY_UISupportedInterfaceOrientations_iPad = "UIInterfaceOrientationPortrait UIInterfaceOrientationPortraitUpsideDown UIInterfaceOrientationLandscapeLeft UIInterfaceOrientationLandscapeRight";
				INFOPLIST_KEY_UISupportedInterfaceOrientations_iPhone = "UIInterfaceOrientationPortrait UIInterfaceOrientationLandscapeLeft UIInterfaceOrientationLandscapeRight";
				IPHONEOS_DEPLOYMENT_TARGET = 15.0;
				LD_RUNPATH_SEARCH_PATHS = (
					"$(inherited)",
					"@executable_path/Frameworks",
				);
				MARKETING_VERSION = 1.0;
				PRODUCT_BUNDLE_IDENTIFIER = main.OpenMarket;
				PRODUCT_NAME = "$(TARGET_NAME)";
				SWIFT_EMIT_LOC_STRINGS = YES;
				SWIFT_VERSION = 5.0;
				TARGETED_DEVICE_FAMILY = "1,2";
			};
			name = Release;
		};
/* End XCBuildConfiguration section */

/* Begin XCConfigurationList section */
		B45C6EC829C58DCC00739811 /* Build configuration list for PBXProject "OpenMarket" */ = {
			isa = XCConfigurationList;
			buildConfigurations = (
				B45C6EDF29C58DCD00739811 /* Debug */,
				B45C6EE029C58DCD00739811 /* Release */,
			);
			defaultConfigurationIsVisible = 0;
			defaultConfigurationName = Release;
		};
		B45C6EE129C58DCD00739811 /* Build configuration list for PBXNativeTarget "OpenMarket" */ = {
			isa = XCConfigurationList;
			buildConfigurations = (
				B45C6EE229C58DCD00739811 /* Debug */,
				B45C6EE329C58DCD00739811 /* Release */,
			);
			defaultConfigurationIsVisible = 0;
			defaultConfigurationName = Release;
		};
/* End XCConfigurationList section */
	};
	rootObject = B45C6EC529C58DCC00739811 /* Project object */;
}
